
Microsoft Visual Studio Solution File, Format Version 11.00
# Visual Studio 2010
Project("{FAE04EC0-301F-11D3-BF4B-00C04F79EFBC}") = "AR HoloLens", "Assembly-CSharp.csproj", "{23278F90-77D9-E6D5-8A2C-C48F547D6B2B}"
EndProject
Project("{FAE04EC0-301F-11D3-BF4B-00C04F79EFBC}") = "AR HoloLens", "Assembly-CSharp-Editor.csproj", "{A707B700-02AE-810C-BEAA-D278906465EC}"
EndProject
Global
	GlobalSection(SolutionConfigurationPlatforms) = preSolution
		Debug|Any CPU = Debug|Any CPU
		Release|Any CPU = Release|Any CPU
	EndGlobalSection
	GlobalSection(ProjectConfigurationPlatforms) = postSolution
		{23278F90-77D9-E6D5-8A2C-C48F547D6B2B}.Debug|Any CPU.ActiveCfg = Debug|Any CPU
		{23278F90-77D9-E6D5-8A2C-C48F547D6B2B}.Debug|Any CPU.Build.0 = Debug|Any CPU
		{23278F90-77D9-E6D5-8A2C-C48F547D6B2B}.Release|Any CPU.ActiveCfg = Release|Any CPU
		{23278F90-77D9-E6D5-8A2C-C48F547D6B2B}.Release|Any CPU.Build.0 = Release|Any CPU
		{A707B700-02AE-810C-BEAA-D278906465EC}.Debug|Any CPU.ActiveCfg = Debug|Any CPU
		{A707B700-02AE-810C-BEAA-D278906465EC}.Debug|Any CPU.Build.0 = Debug|Any CPU
		{A707B700-02AE-810C-BEAA-D278906465EC}.Release|Any CPU.ActiveCfg = Release|Any CPU
		{A707B700-02AE-810C-BEAA-D278906465EC}.Release|Any CPU.Build.0 = Release|Any CPU
	EndGlobalSection
	GlobalSection(SolutionProperties) = preSolution
		HideSolutionNode = FALSE
	EndGlobalSection
	GlobalSection(MonoDevelopProperties) = preSolution
		StartupItem = Assembly-CSharp.csproj
	EndGlobalSection
EndGlobal
